
Microsoft Visual Studio Solution File, Format Version 12.00
# Visual Studio Version 16
VisualStudioVersion = 16.0.31613.86
MinimumVisualStudioVersion = 10.0.40219.1
Project("{FAE04EC0-301F-11D3-BF4B-00C04F79EFBC}") = "BlazorExportCustomization", "BlazorExportCustomization.csproj", "{4A980667-BA6F-43FC-AE62-29FA31B822BE}"
EndProject
Global
	GlobalSection(SolutionConfigurationPlatforms) = preSolution
		Debug|Any CPU = Debug|Any CPU
		Release|Any CPU = Release|Any CPU
	EndGlobalSection
	GlobalSection(ProjectConfigurationPlatforms) = postSolution
		{4A980667-BA6F-43FC-AE62-29FA31B822BE}.Debug|Any CPU.ActiveCfg = Debug|Any CPU
		{4A980667-BA6F-43FC-AE62-29FA31B822BE}.Debug|Any CPU.Build.0 = Debug|Any CPU
		{4A980667-BA6F-43FC-AE62-29FA31B822BE}.Release|Any CPU.ActiveCfg = Release|Any CPU
		{4A980667-BA6F-43FC-AE62-29FA31B822BE}.Release|Any CPU.Build.0 = Release|Any CPU
	EndGlobalSection
	GlobalSection(SolutionProperties) = preSolution
		HideSolutionNode = FALSE
	EndGlobalSection
	GlobalSection(ExtensibilityGlobals) = postSolution
		SolutionGuid = {C707E4ED-B9A3-4152-9928-DD32EF635F1A}
	EndGlobalSection
EndGlobal
